
Microsoft Visual Studio Solution File, Format Version 12.00
# Visual Studio 2013
VisualStudioVersion = 12.0.30110.0
MinimumVisualStudioVersion = 10.0.40219.1
Project("{FAE04EC0-301F-11D3-BF4B-00C04F79EFBC}") = "GeoFleetService", "GeoFleetService\GeoFleetService.csproj", "{8C14D56E-318C-4EB8-A409-1DA6685C59F2}"
EndProject
Project("{FAE04EC0-301F-11D3-BF4B-00C04F79EFBC}") = "GeoFleetConfig", "GeoFleetConfig\GeoFleetConfig.csproj", "{D6ED97E2-ADF9-4BBB-82D6-68A9741ED88A}"
EndProject
Project("{FAE04EC0-301F-11D3-BF4B-00C04F79EFBC}") = "GeoFleetBL", "GeoFleetBL\GeoFleetBL.csproj", "{CD8C334C-4A05-40C5-8018-D0EF2AF9E716}"
EndProject
Global
	GlobalSection(SolutionConfigurationPlatforms) = preSolution
		Debug|Any CPU = Debug|Any CPU
		Release|Any CPU = Release|Any CPU
	EndGlobalSection
	GlobalSection(ProjectConfigurationPlatforms) = postSolution
		{8C14D56E-318C-4EB8-A409-1DA6685C59F2}.Debug|Any CPU.ActiveCfg = Debug|Any CPU
		{8C14D56E-318C-4EB8-A409-1DA6685C59F2}.Debug|Any CPU.Build.0 = Debug|Any CPU
		{8C14D56E-318C-4EB8-A409-1DA6685C59F2}.Release|Any CPU.ActiveCfg = Release|Any CPU
		{8C14D56E-318C-4EB8-A409-1DA6685C59F2}.Release|Any CPU.Build.0 = Release|Any CPU
		{D6ED97E2-ADF9-4BBB-82D6-68A9741ED88A}.Debug|Any CPU.ActiveCfg = Debug|Any CPU
		{D6ED97E2-ADF9-4BBB-82D6-68A9741ED88A}.Debug|Any CPU.Build.0 = Debug|Any CPU
		{D6ED97E2-ADF9-4BBB-82D6-68A9741ED88A}.Release|Any CPU.ActiveCfg = Release|Any CPU
		{D6ED97E2-ADF9-4BBB-82D6-68A9741ED88A}.Release|Any CPU.Build.0 = Release|Any CPU
		{CD8C334C-4A05-40C5-8018-D0EF2AF9E716}.Debug|Any CPU.ActiveCfg = Debug|Any CPU
		{CD8C334C-4A05-40C5-8018-D0EF2AF9E716}.Debug|Any CPU.Build.0 = Debug|Any CPU
		{CD8C334C-4A05-40C5-8018-D0EF2AF9E716}.Release|Any CPU.ActiveCfg = Release|Any CPU
		{CD8C334C-4A05-40C5-8018-D0EF2AF9E716}.Release|Any CPU.Build.0 = Release|Any CPU
	EndGlobalSection
	GlobalSection(SolutionProperties) = preSolution
		HideSolutionNode = FALSE
	EndGlobalSection
EndGlobal
